
Microsoft Visual Studio Solution File, Format Version 12.00
# Visual Studio Version 17
VisualStudioVersion = 17.8.34309.116
MinimumVisualStudioVersion = 10.0.40219.1
Project("{9A19103F-16F7-4668-BE54-9A1E7A4F7556}") = "iCat.Localization", "iCat.Localization\src\iCat.Localization\iCat.Localization.csproj", "{558FA157-525E-4166-900B-645FD86FCA5A}"
EndProject
Project("{2150E333-8FDC-42A3-9474-1A3956D46DE8}") = "iCat.Localization", "iCat.Localization", "{E9A7AB81-95CE-4F02-B0A9-0F343154C1BE}"
EndProject
Project("{2150E333-8FDC-42A3-9474-1A3956D46DE8}") = "src", "src", "{2F13804A-78D9-473F-9BCB-B314F18D0FE8}"
EndProject
Project("{2150E333-8FDC-42A3-9474-1A3956D46DE8}") = "test", "test", "{0895F923-C32B-47C9-8432-34373CFF8D65}"
EndProject
Project("{9A19103F-16F7-4668-BE54-9A1E7A4F7556}") = "iCat.Localization.Extension.Web", "iCat.Localization\src\iCat.Localization.Extension.Web\iCat.Localization.Extension.Web.csproj", "{18B24B48-BF75-4A95-AF9E-CCD43693082C}"
EndProject
Project("{9A19103F-16F7-4668-BE54-9A1E7A4F7556}") = "iCat.LocalizationTests", "iCat.Localization\test\iCat.LocalizationTests\iCat.LocalizationTests.csproj", "{A61E352F-7EE9-460F-BE23-6991A69CA901}"
EndProject
Project("{2150E333-8FDC-42A3-9474-1A3956D46DE8}") = "demo", "demo", "{0BE59762-853E-4337-9D46-26EB45F18646}"
EndProject
Project("{9A19103F-16F7-4668-BE54-9A1E7A4F7556}") = "iCat.Localization.Demo", "iCat.Localization\demo\iCat.Localization.Demo\iCat.Localization.Demo.csproj", "{D9F27B33-C8C7-4166-93E7-2939CBF6A5BF}"
EndProject
Project("{2150E333-8FDC-42A3-9474-1A3956D46DE8}") = "iCat.Crypto", "iCat.Crypto", "{A72815F9-E044-4771-84D0-F7C05E0570B3}"
EndProject
Project("{2150E333-8FDC-42A3-9474-1A3956D46DE8}") = "src", "src", "{193B2936-DE7A-4B70-90C9-680795ADC880}"
EndProject
Project("{2150E333-8FDC-42A3-9474-1A3956D46DE8}") = "test", "test", "{63E6E5D7-A3A2-4C2E-8421-9DC97B6BF884}"
EndProject
Project("{9A19103F-16F7-4668-BE54-9A1E7A4F7556}") = "iCat.Crypto", "iCat.Crypto\src\iCat.Crypto\iCat.Crypto.csproj", "{B11DD5D4-DAAC-4037-AD94-95F86C9BEC12}"
EndProject
Project("{2150E333-8FDC-42A3-9474-1A3956D46DE8}") = "iCat.Cache", "iCat.Cache", "{88637C37-4299-497E-9CA4-D81D8C9823B8}"
EndProject
Project("{2150E333-8FDC-42A3-9474-1A3956D46DE8}") = "src", "src", "{90CF41AC-B044-44FF-8808-029C6E66CEF3}"
EndProject
Project("{2150E333-8FDC-42A3-9474-1A3956D46DE8}") = "test", "test", "{351C83E0-57F4-4225-B725-F4AFF92DD95B}"
EndProject
Project("{9A19103F-16F7-4668-BE54-9A1E7A4F7556}") = "iCat.Cache", "iCat.Cache\src\iCat.Cache\iCat.Cache.csproj", "{9810705D-69D6-4BAB-99C5-EF9CB83062C9}"
EndProject
Project("{9A19103F-16F7-4668-BE54-9A1E7A4F7556}") = "iCat.CacheTests", "iCat.Cache\test\iCat.CacheTests\iCat.CacheTests.csproj", "{E88A968E-1661-4CCE-99CC-AD224E4262DB}"
EndProject
Project("{2150E333-8FDC-42A3-9474-1A3956D46DE8}") = "iCat.DB", "iCat.DB", "{339CCCB4-635E-4D17-9DBD-3C1FA9C5B388}"
EndProject
Project("{9A19103F-16F7-4668-BE54-9A1E7A4F7556}") = "iCat.DB.Client", "iCat.DB\src\iCat.DB.Client\iCat.DB.Client.csproj", "{1ABB7D42-BF51-4FE9-ABE4-680C9FD8E7BF}"
EndProject
Project("{2150E333-8FDC-42A3-9474-1A3956D46DE8}") = "src", "src", "{D16211D0-93DE-44D0-9507-0E05DA1A3165}"
EndProject
Project("{2150E333-8FDC-42A3-9474-1A3956D46DE8}") = "test", "test", "{5221F59B-44E9-4641-AACD-5AFE366D5362}"
EndProject
Project("{2150E333-8FDC-42A3-9474-1A3956D46DE8}") = "iCat.Logger", "iCat.Logger", "{DFFDE14D-6DB6-483D-AC8D-D8AAECB7CAB7}"
EndProject
Project("{2150E333-8FDC-42A3-9474-1A3956D46DE8}") = "src", "src", "{620742B1-57F2-444F-BF40-526DA1C75EDA}"
EndProject
Project("{2150E333-8FDC-42A3-9474-1A3956D46DE8}") = "test", "test", "{2FBA6F8D-1E92-44CD-A49C-1273F2022B62}"
EndProject
Project("{9A19103F-16F7-4668-BE54-9A1E7A4F7556}") = "iCat.Logger.Extension", "iCat.Logger\src\iCat.Logger.Extension\iCat.Logger.Extension.csproj", "{D0A95B55-2EBA-427B-B55E-7E5335923D93}"
EndProject
Project("{2150E333-8FDC-42A3-9474-1A3956D46DE8}") = "iCat.RabbitMQ", "iCat.RabbitMQ", "{742CE76C-36EF-4857-B5D1-CED335EB1A14}"
EndProject
Project("{2150E333-8FDC-42A3-9474-1A3956D46DE8}") = "src", "src", "{7758E098-321F-4F7C-9C42-4E7F322514BB}"
EndProject
Project("{2150E333-8FDC-42A3-9474-1A3956D46DE8}") = "test", "test", "{43806D9C-C9B4-4BA1-B318-D0FF9B6D1CBC}"
EndProject
Project("{9A19103F-16F7-4668-BE54-9A1E7A4F7556}") = "iCat.RabbitMQ", "iCat.RabbitMQ\src\iCat.RabbitMQ\iCat.RabbitMQ.csproj", "{0C05F826-B995-45DE-AAE1-4419E1C7772C}"
EndProject
Project("{2150E333-8FDC-42A3-9474-1A3956D46DE8}") = "iCat.Worker", "iCat.Worker", "{4B564DC4-6EED-4483-93D5-890CAAC912EE}"
EndProject
Project("{2150E333-8FDC-42A3-9474-1A3956D46DE8}") = "src", "src", "{2FACB700-BF6C-4849-92D6-0AE57BBF7427}"
EndProject
Project("{2150E333-8FDC-42A3-9474-1A3956D46DE8}") = "test", "test", "{0CE09614-190C-4EF2-BE59-476472D47149}"
EndProject
Project("{9A19103F-16F7-4668-BE54-9A1E7A4F7556}") = "iCat.Worker", "iCat.Worker\src\iCat.Worker\iCat.Worker.csproj", "{67E46BDD-5DDA-4580-8915-DF6C96F89469}"
EndProject
Project("{2150E333-8FDC-42A3-9474-1A3956D46DE8}") = "iCat.Token", "iCat.Token", "{0695C5AF-8EF3-42FB-BCF1-AAD1A1652AA8}"
EndProject
Project("{9A19103F-16F7-4668-BE54-9A1E7A4F7556}") = "iCat.Token", "iCat.Token\src\iCat.Token\iCat.Token.csproj", "{C4FA1AD2-EE3A-4702-BC23-EF9FE4E23C2A}"
EndProject
Project("{2150E333-8FDC-42A3-9474-1A3956D46DE8}") = "src", "src", "{475B2D00-C715-45D5-ACA7-8E293EC9437A}"
EndProject
Project("{2150E333-8FDC-42A3-9474-1A3956D46DE8}") = "test", "test", "{4007205B-07E6-4125-9979-71F7C41CFC2E}"
EndProject
Project("{9A19103F-16F7-4668-BE54-9A1E7A4F7556}") = "iCat.Token.JWT", "iCat.Token\src\iCat.Token.JWT\iCat.Token.JWT.csproj", "{8FDAF326-80F2-4293-8181-CA461914A2E9}"
EndProject
Project("{9A19103F-16F7-4668-BE54-9A1E7A4F7556}") = "iCat.Token.Sequence", "iCat.Token\src\iCat.Token.Sequence\iCat.Token.Sequence.csproj", "{731D9D27-87A4-4C15-8EB7-2CBFD64D583E}"
EndProject
Project("{9A19103F-16F7-4668-BE54-9A1E7A4F7556}") = "iCat.DB.ClientTests", "iCat.DB\test\iCat.DB.ClientTests\iCat.DB.ClientTests.csproj", "{19097BB0-AFB0-43D6-8445-D10593B1A3C8}"
EndProject
Project("{9A19103F-16F7-4668-BE54-9A1E7A4F7556}") = "iCat.DB.Client.Extension.Web", "iCat.DB\src\iCat.DB.Client.Extension.Web\iCat.DB.Client.Extension.Web.csproj", "{D7E400AD-8247-46AB-8E3D-5DA36DA73D86}"
EndProject
Project("{9A19103F-16F7-4668-BE54-9A1E7A4F7556}") = "iCat.CryptoTests", "iCat.Crypto\test\iCat.CryptoTests\iCat.CryptoTests.csproj", "{B10D6D65-603F-48DD-B05D-16C5571F2CF7}"
EndProject
Project("{9A19103F-16F7-4668-BE54-9A1E7A4F7556}") = "iCat.DB.Client.Factory", "iCat.DB\src\iCat.DB.Client.Factory\iCat.DB.Client.Factory.csproj", "{736FEB97-EC8D-489C-B390-B7F9D81465A7}"
EndProject
Project("{9A19103F-16F7-4668-BE54-9A1E7A4F7556}") = "iCat.DB.Client.FactoryTests", "iCat.DB\test\iCat.DB.Client.FactoryTests\iCat.DB.Client.FactoryTests.csproj", "{EC36562B-D2CD-47E7-92C6-C5254FAE08E0}"
EndProject
Project("{2150E333-8FDC-42A3-9474-1A3956D46DE8}") = "demo", "demo", "{65575E81-CC89-4D57-8589-9B31028FB26C}"
EndProject
Project("{2150E333-8FDC-42A3-9474-1A3956D46DE8}") = "demo", "demo", "{12FAB4E5-907A-48B5-957A-551E991E7719}"
EndProject
Project("{9A19103F-16F7-4668-BE54-9A1E7A4F7556}") = "iCat.Crypto.demo", "iCat.Crypto\demo\iCat.Crypto.demo\iCat.Crypto.demo.csproj", "{7A5607A8-82DE-4F0F-9106-1DEA51513D54}"
EndProject
Project("{9A19103F-16F7-4668-BE54-9A1E7A4F7556}") = "iCat.Cache.demo", "iCat.Cache\demo\iCat.Cache.demo\iCat.Cache.demo.csproj", "{FE955867-6A10-406D-83FF-730FD7DE7352}"
EndProject
Project("{2150E333-8FDC-42A3-9474-1A3956D46DE8}") = "demo", "demo", "{E3DBF1D0-F5B9-4E40-81AC-F81106E7D7FA}"
EndProject
Project("{9A19103F-16F7-4668-BE54-9A1E7A4F7556}") = "iCat.DB.Client.demo", "iCat.DB\demo\iCat.DB.Client.demo\iCat.DB.Client.demo.csproj", "{435774CE-6F5A-4E9D-BF2B-E612CB430178}"
EndProject
Global
	GlobalSection(SolutionConfigurationPlatforms) = preSolution
		Debug|Any CPU = Debug|Any CPU
		Release|Any CPU = Release|Any CPU
	EndGlobalSection
	GlobalSection(ProjectConfigurationPlatforms) = postSolution
		{558FA157-525E-4166-900B-645FD86FCA5A}.Debug|Any CPU.ActiveCfg = Debug|Any CPU
		{558FA157-525E-4166-900B-645FD86FCA5A}.Debug|Any CPU.Build.0 = Debug|Any CPU
		{558FA157-525E-4166-900B-645FD86FCA5A}.Release|Any CPU.ActiveCfg = Release|Any CPU
		{558FA157-525E-4166-900B-645FD86FCA5A}.Release|Any CPU.Build.0 = Release|Any CPU
		{18B24B48-BF75-4A95-AF9E-CCD43693082C}.Debug|Any CPU.ActiveCfg = Debug|Any CPU
		{18B24B48-BF75-4A95-AF9E-CCD43693082C}.Debug|Any CPU.Build.0 = Debug|Any CPU
		{18B24B48-BF75-4A95-AF9E-CCD43693082C}.Release|Any CPU.ActiveCfg = Release|Any CPU
		{18B24B48-BF75-4A95-AF9E-CCD43693082C}.Release|Any CPU.Build.0 = Release|Any CPU
		{A61E352F-7EE9-460F-BE23-6991A69CA901}.Debug|Any CPU.ActiveCfg = Debug|Any CPU
		{A61E352F-7EE9-460F-BE23-6991A69CA901}.Debug|Any CPU.Build.0 = Debug|Any CPU
		{A61E352F-7EE9-460F-BE23-6991A69CA901}.Release|Any CPU.ActiveCfg = Release|Any CPU
		{A61E352F-7EE9-460F-BE23-6991A69CA901}.Release|Any CPU.Build.0 = Release|Any CPU
		{D9F27B33-C8C7-4166-93E7-2939CBF6A5BF}.Debug|Any CPU.ActiveCfg = Debug|Any CPU
		{D9F27B33-C8C7-4166-93E7-2939CBF6A5BF}.Debug|Any CPU.Build.0 = Debug|Any CPU
		{D9F27B33-C8C7-4166-93E7-2939CBF6A5BF}.Release|Any CPU.ActiveCfg = Release|Any CPU
		{D9F27B33-C8C7-4166-93E7-2939CBF6A5BF}.Release|Any CPU.Build.0 = Release|Any CPU
		{B11DD5D4-DAAC-4037-AD94-95F86C9BEC12}.Debug|Any CPU.ActiveCfg = Debug|Any CPU
		{B11DD5D4-DAAC-4037-AD94-95F86C9BEC12}.Debug|Any CPU.Build.0 = Debug|Any CPU
		{B11DD5D4-DAAC-4037-AD94-95F86C9BEC12}.Release|Any CPU.ActiveCfg = Release|Any CPU
		{B11DD5D4-DAAC-4037-AD94-95F86C9BEC12}.Release|Any CPU.Build.0 = Release|Any CPU
		{9810705D-69D6-4BAB-99C5-EF9CB83062C9}.Debug|Any CPU.ActiveCfg = Debug|Any CPU
		{9810705D-69D6-4BAB-99C5-EF9CB83062C9}.Debug|Any CPU.Build.0 = Debug|Any CPU
		{9810705D-69D6-4BAB-99C5-EF9CB83062C9}.Release|Any CPU.ActiveCfg = Release|Any CPU
		{9810705D-69D6-4BAB-99C5-EF9CB83062C9}.Release|Any CPU.Build.0 = Release|Any CPU
		{E88A968E-1661-4CCE-99CC-AD224E4262DB}.Debug|Any CPU.ActiveCfg = Debug|Any CPU
		{E88A968E-1661-4CCE-99CC-AD224E4262DB}.Debug|Any CPU.Build.0 = Debug|Any CPU
		{E88A968E-1661-4CCE-99CC-AD224E4262DB}.Release|Any CPU.ActiveCfg = Release|Any CPU
		{E88A968E-1661-4CCE-99CC-AD224E4262DB}.Release|Any CPU.Build.0 = Release|Any CPU
		{1ABB7D42-BF51-4FE9-ABE4-680C9FD8E7BF}.Debug|Any CPU.ActiveCfg = Debug|Any CPU
		{1ABB7D42-BF51-4FE9-ABE4-680C9FD8E7BF}.Debug|Any CPU.Build.0 = Debug|Any CPU
		{1ABB7D42-BF51-4FE9-ABE4-680C9FD8E7BF}.Release|Any CPU.ActiveCfg = Release|Any CPU
		{1ABB7D42-BF51-4FE9-ABE4-680C9FD8E7BF}.Release|Any CPU.Build.0 = Release|Any CPU
		{D0A95B55-2EBA-427B-B55E-7E5335923D93}.Debug|Any CPU.ActiveCfg = Debug|Any CPU
		{D0A95B55-2EBA-427B-B55E-7E5335923D93}.Debug|Any CPU.Build.0 = Debug|Any CPU
		{D0A95B55-2EBA-427B-B55E-7E5335923D93}.Release|Any CPU.ActiveCfg = Release|Any CPU
		{D0A95B55-2EBA-427B-B55E-7E5335923D93}.Release|Any CPU.Build.0 = Release|Any CPU
		{0C05F826-B995-45DE-AAE1-4419E1C7772C}.Debug|Any CPU.ActiveCfg = Debug|Any CPU
		{0C05F826-B995-45DE-AAE1-4419E1C7772C}.Debug|Any CPU.Build.0 = Debug|Any CPU
		{0C05F826-B995-45DE-AAE1-4419E1C7772C}.Release|Any CPU.ActiveCfg = Release|Any CPU
		{0C05F826-B995-45DE-AAE1-4419E1C7772C}.Release|Any CPU.Build.0 = Release|Any CPU
		{67E46BDD-5DDA-4580-8915-DF6C96F89469}.Debug|Any CPU.ActiveCfg = Debug|Any CPU
		{67E46BDD-5DDA-4580-8915-DF6C96F89469}.Debug|Any CPU.Build.0 = Debug|Any CPU
		{67E46BDD-5DDA-4580-8915-DF6C96F89469}.Release|Any CPU.ActiveCfg = Release|Any CPU
		{67E46BDD-5DDA-4580-8915-DF6C96F89469}.Release|Any CPU.Build.0 = Release|Any CPU
		{C4FA1AD2-EE3A-4702-BC23-EF9FE4E23C2A}.Debug|Any CPU.ActiveCfg = Debug|Any CPU
		{C4FA1AD2-EE3A-4702-BC23-EF9FE4E23C2A}.Debug|Any CPU.Build.0 = Debug|Any CPU
		{C4FA1AD2-EE3A-4702-BC23-EF9FE4E23C2A}.Release|Any CPU.ActiveCfg = Release|Any CPU
		{C4FA1AD2-EE3A-4702-BC23-EF9FE4E23C2A}.Release|Any CPU.Build.0 = Release|Any CPU
		{8FDAF326-80F2-4293-8181-CA461914A2E9}.Debug|Any CPU.ActiveCfg = Debug|Any CPU
		{8FDAF326-80F2-4293-8181-CA461914A2E9}.Debug|Any CPU.Build.0 = Debug|Any CPU
		{8FDAF326-80F2-4293-8181-CA461914A2E9}.Release|Any CPU.ActiveCfg = Release|Any CPU
		{8FDAF326-80F2-4293-8181-CA461914A2E9}.Release|Any CPU.Build.0 = Release|Any CPU
		{731D9D27-87A4-4C15-8EB7-2CBFD64D583E}.Debug|Any CPU.ActiveCfg = Debug|Any CPU
		{731D9D27-87A4-4C15-8EB7-2CBFD64D583E}.Debug|Any CPU.Build.0 = Debug|Any CPU
		{731D9D27-87A4-4C15-8EB7-2CBFD64D583E}.Release|Any CPU.ActiveCfg = Release|Any CPU
		{731D9D27-87A4-4C15-8EB7-2CBFD64D583E}.Release|Any CPU.Build.0 = Release|Any CPU
		{19097BB0-AFB0-43D6-8445-D10593B1A3C8}.Debug|Any CPU.ActiveCfg = Debug|Any CPU
		{19097BB0-AFB0-43D6-8445-D10593B1A3C8}.Debug|Any CPU.Build.0 = Debug|Any CPU
		{19097BB0-AFB0-43D6-8445-D10593B1A3C8}.Release|Any CPU.ActiveCfg = Release|Any CPU
		{19097BB0-AFB0-43D6-8445-D10593B1A3C8}.Release|Any CPU.Build.0 = Release|Any CPU
		{D7E400AD-8247-46AB-8E3D-5DA36DA73D86}.Debug|Any CPU.ActiveCfg = Debug|Any CPU
		{D7E400AD-8247-46AB-8E3D-5DA36DA73D86}.Debug|Any CPU.Build.0 = Debug|Any CPU
		{D7E400AD-8247-46AB-8E3D-5DA36DA73D86}.Release|Any CPU.ActiveCfg = Release|Any CPU
		{D7E400AD-8247-46AB-8E3D-5DA36DA73D86}.Release|Any CPU.Build.0 = Release|Any CPU
		{B10D6D65-603F-48DD-B05D-16C5571F2CF7}.Debug|Any CPU.ActiveCfg = Debug|Any CPU
		{B10D6D65-603F-48DD-B05D-16C5571F2CF7}.Debug|Any CPU.Build.0 = Debug|Any CPU
		{B10D6D65-603F-48DD-B05D-16C5571F2CF7}.Release|Any CPU.ActiveCfg = Release|Any CPU
		{B10D6D65-603F-48DD-B05D-16C5571F2CF7}.Release|Any CPU.Build.0 = Release|Any CPU
		{736FEB97-EC8D-489C-B390-B7F9D81465A7}.Debug|Any CPU.ActiveCfg = Debug|Any CPU
		{736FEB97-EC8D-489C-B390-B7F9D81465A7}.Debug|Any CPU.Build.0 = Debug|Any CPU
		{736FEB97-EC8D-489C-B390-B7F9D81465A7}.Release|Any CPU.ActiveCfg = Release|Any CPU
		{736FEB97-EC8D-489C-B390-B7F9D81465A7}.Release|Any CPU.Build.0 = Release|Any CPU
		{EC36562B-D2CD-47E7-92C6-C5254FAE08E0}.Debug|Any CPU.ActiveCfg = Debug|Any CPU
		{EC36562B-D2CD-47E7-92C6-C5254FAE08E0}.Debug|Any CPU.Build.0 = Debug|Any CPU
		{EC36562B-D2CD-47E7-92C6-C5254FAE08E0}.Release|Any CPU.ActiveCfg = Release|Any CPU
		{EC36562B-D2CD-47E7-92C6-C5254FAE08E0}.Release|Any CPU.Build.0 = Release|Any CPU
		{7A5607A8-82DE-4F0F-9106-1DEA51513D54}.Debug|Any CPU.ActiveCfg = Debug|Any CPU
		{7A5607A8-82DE-4F0F-9106-1DEA51513D54}.Debug|Any CPU.Build.0 = Debug|Any CPU
		{7A5607A8-82DE-4F0F-9106-1DEA51513D54}.Release|Any CPU.ActiveCfg = Release|Any CPU
		{7A5607A8-82DE-4F0F-9106-1DEA51513D54}.Release|Any CPU.Build.0 = Release|Any CPU
		{FE955867-6A10-406D-83FF-730FD7DE7352}.Debug|Any CPU.ActiveCfg = Debug|Any CPU
		{FE955867-6A10-406D-83FF-730FD7DE7352}.Debug|Any CPU.Build.0 = Debug|Any CPU
		{FE955867-6A10-406D-83FF-730FD7DE7352}.Release|Any CPU.ActiveCfg = Release|Any CPU
		{FE955867-6A10-406D-83FF-730FD7DE7352}.Release|Any CPU.Build.0 = Release|Any CPU
		{435774CE-6F5A-4E9D-BF2B-E612CB430178}.Debug|Any CPU.ActiveCfg = Debug|Any CPU
		{435774CE-6F5A-4E9D-BF2B-E612CB430178}.Debug|Any CPU.Build.0 = Debug|Any CPU
		{435774CE-6F5A-4E9D-BF2B-E612CB430178}.Release|Any CPU.ActiveCfg = Release|Any CPU
		{435774CE-6F5A-4E9D-BF2B-E612CB430178}.Release|Any CPU.Build.0 = Release|Any CPU
	EndGlobalSection
	GlobalSection(SolutionProperties) = preSolution
		HideSolutionNode = FALSE
	EndGlobalSection
	GlobalSection(NestedProjects) = preSolution
		{558FA157-525E-4166-900B-645FD86FCA5A} = {2F13804A-78D9-473F-9BCB-B314F18D0FE8}
		{2F13804A-78D9-473F-9BCB-B314F18D0FE8} = {E9A7AB81-95CE-4F02-B0A9-0F343154C1BE}
		{0895F923-C32B-47C9-8432-34373CFF8D65} = {E9A7AB81-95CE-4F02-B0A9-0F343154C1BE}
		{18B24B48-BF75-4A95-AF9E-CCD43693082C} = {2F13804A-78D9-473F-9BCB-B314F18D0FE8}
		{A61E352F-7EE9-460F-BE23-6991A69CA901} = {0895F923-C32B-47C9-8432-34373CFF8D65}
		{0BE59762-853E-4337-9D46-26EB45F18646} = {E9A7AB81-95CE-4F02-B0A9-0F343154C1BE}
		{D9F27B33-C8C7-4166-93E7-2939CBF6A5BF} = {0BE59762-853E-4337-9D46-26EB45F18646}
		{193B2936-DE7A-4B70-90C9-680795ADC880} = {A72815F9-E044-4771-84D0-F7C05E0570B3}
		{63E6E5D7-A3A2-4C2E-8421-9DC97B6BF884} = {A72815F9-E044-4771-84D0-F7C05E0570B3}
		{B11DD5D4-DAAC-4037-AD94-95F86C9BEC12} = {193B2936-DE7A-4B70-90C9-680795ADC880}
		{90CF41AC-B044-44FF-8808-029C6E66CEF3} = {88637C37-4299-497E-9CA4-D81D8C9823B8}
		{351C83E0-57F4-4225-B725-F4AFF92DD95B} = {88637C37-4299-497E-9CA4-D81D8C9823B8}
		{9810705D-69D6-4BAB-99C5-EF9CB83062C9} = {90CF41AC-B044-44FF-8808-029C6E66CEF3}
		{E88A968E-1661-4CCE-99CC-AD224E4262DB} = {351C83E0-57F4-4225-B725-F4AFF92DD95B}
		{1ABB7D42-BF51-4FE9-ABE4-680C9FD8E7BF} = {D16211D0-93DE-44D0-9507-0E05DA1A3165}
		{D16211D0-93DE-44D0-9507-0E05DA1A3165} = {339CCCB4-635E-4D17-9DBD-3C1FA9C5B388}
		{5221F59B-44E9-4641-AACD-5AFE366D5362} = {339CCCB4-635E-4D17-9DBD-3C1FA9C5B388}
		{620742B1-57F2-444F-BF40-526DA1C75EDA} = {DFFDE14D-6DB6-483D-AC8D-D8AAECB7CAB7}
		{2FBA6F8D-1E92-44CD-A49C-1273F2022B62} = {DFFDE14D-6DB6-483D-AC8D-D8AAECB7CAB7}
		{D0A95B55-2EBA-427B-B55E-7E5335923D93} = {620742B1-57F2-444F-BF40-526DA1C75EDA}
		{7758E098-321F-4F7C-9C42-4E7F322514BB} = {742CE76C-36EF-4857-B5D1-CED335EB1A14}
		{43806D9C-C9B4-4BA1-B318-D0FF9B6D1CBC} = {742CE76C-36EF-4857-B5D1-CED335EB1A14}
		{0C05F826-B995-45DE-AAE1-4419E1C7772C} = {7758E098-321F-4F7C-9C42-4E7F322514BB}
		{2FACB700-BF6C-4849-92D6-0AE57BBF7427} = {4B564DC4-6EED-4483-93D5-890CAAC912EE}
		{0CE09614-190C-4EF2-BE59-476472D47149} = {4B564DC4-6EED-4483-93D5-890CAAC912EE}
		{67E46BDD-5DDA-4580-8915-DF6C96F89469} = {2FACB700-BF6C-4849-92D6-0AE57BBF7427}
		{C4FA1AD2-EE3A-4702-BC23-EF9FE4E23C2A} = {475B2D00-C715-45D5-ACA7-8E293EC9437A}
		{475B2D00-C715-45D5-ACA7-8E293EC9437A} = {0695C5AF-8EF3-42FB-BCF1-AAD1A1652AA8}
		{4007205B-07E6-4125-9979-71F7C41CFC2E} = {0695C5AF-8EF3-42FB-BCF1-AAD1A1652AA8}
		{8FDAF326-80F2-4293-8181-CA461914A2E9} = {475B2D00-C715-45D5-ACA7-8E293EC9437A}
		{731D9D27-87A4-4C15-8EB7-2CBFD64D583E} = {475B2D00-C715-45D5-ACA7-8E293EC9437A}
		{19097BB0-AFB0-43D6-8445-D10593B1A3C8} = {5221F59B-44E9-4641-AACD-5AFE366D5362}
		{D7E400AD-8247-46AB-8E3D-5DA36DA73D86} = {D16211D0-93DE-44D0-9507-0E05DA1A3165}
		{B10D6D65-603F-48DD-B05D-16C5571F2CF7} = {63E6E5D7-A3A2-4C2E-8421-9DC97B6BF884}
		{736FEB97-EC8D-489C-B390-B7F9D81465A7} = {D16211D0-93DE-44D0-9507-0E05DA1A3165}
		{EC36562B-D2CD-47E7-92C6-C5254FAE08E0} = {5221F59B-44E9-4641-AACD-5AFE366D5362}
		{65575E81-CC89-4D57-8589-9B31028FB26C} = {88637C37-4299-497E-9CA4-D81D8C9823B8}
		{12FAB4E5-907A-48B5-957A-551E991E7719} = {A72815F9-E044-4771-84D0-F7C05E0570B3}
		{7A5607A8-82DE-4F0F-9106-1DEA51513D54} = {12FAB4E5-907A-48B5-957A-551E991E7719}
		{FE955867-6A10-406D-83FF-730FD7DE7352} = {65575E81-CC89-4D57-8589-9B31028FB26C}
		{E3DBF1D0-F5B9-4E40-81AC-F81106E7D7FA} = {339CCCB4-635E-4D17-9DBD-3C1FA9C5B388}
		{435774CE-6F5A-4E9D-BF2B-E612CB430178} = {E3DBF1D0-F5B9-4E40-81AC-F81106E7D7FA}
	EndGlobalSection
	GlobalSection(ExtensibilityGlobals) = postSolution
		SolutionGuid = {A810155F-2505-4F4C-9E08-79E51ED9B742}
	EndGlobalSection
EndGlobal
