
Microsoft Visual Studio Solution File, Format Version 12.00
# Visual Studio Version 17
VisualStudioVersion = 17.8.34309.116
MinimumVisualStudioVersion = 10.0.40219.1
Project("{2150E333-8FDC-42A3-9474-1A3956D46DE8}") = "src", "src", "{CB91B76A-291C-4660-B304-513E7D4C95C3}"
EndProject
Project("{2150E333-8FDC-42A3-9474-1A3956D46DE8}") = "test", "test", "{115F8A79-5FC3-45BF-BAF7-CB4782706B7A}"
EndProject
Project("{2150E333-8FDC-42A3-9474-1A3956D46DE8}") = "demo", "demo", "{E81391C6-0D9F-42FE-A36D-3ED76298C727}"
EndProject
Project("{9A19103F-16F7-4668-BE54-9A1E7A4F7556}") = "iCat.Localization", "src\iCat.Localization\iCat.Localization.csproj", "{5AEB24A7-35E5-4929-AB3B-91D043950617}"
EndProject
Project("{9A19103F-16F7-4668-BE54-9A1E7A4F7556}") = "iCat.Localization.Extension.Web", "src\iCat.Localization.Extension.Web\iCat.Localization.Extension.Web.csproj", "{02986D90-D20D-40D6-98FD-B05B039B9A04}"
EndProject
Project("{9A19103F-16F7-4668-BE54-9A1E7A4F7556}") = "iCat.LocalizationTests", "test\iCat.LocalizationTests\iCat.LocalizationTests.csproj", "{951EE7DC-9B8F-40A0-998A-FD87B67C3A36}"
EndProject
Project("{9A19103F-16F7-4668-BE54-9A1E7A4F7556}") = "iCat.Localization.Demo", "demo\iCat.Localization.Demo\iCat.Localization.Demo.csproj", "{95184564-BC27-4136-89F6-5EED5626F4B0}"
EndProject
Global
	GlobalSection(SolutionConfigurationPlatforms) = preSolution
		Debug|Any CPU = Debug|Any CPU
		Release|Any CPU = Release|Any CPU
	EndGlobalSection
	GlobalSection(ProjectConfigurationPlatforms) = postSolution
		{5AEB24A7-35E5-4929-AB3B-91D043950617}.Debug|Any CPU.ActiveCfg = Debug|Any CPU
		{5AEB24A7-35E5-4929-AB3B-91D043950617}.Debug|Any CPU.Build.0 = Debug|Any CPU
		{5AEB24A7-35E5-4929-AB3B-91D043950617}.Release|Any CPU.ActiveCfg = Release|Any CPU
		{5AEB24A7-35E5-4929-AB3B-91D043950617}.Release|Any CPU.Build.0 = Release|Any CPU
		{02986D90-D20D-40D6-98FD-B05B039B9A04}.Debug|Any CPU.ActiveCfg = Debug|Any CPU
		{02986D90-D20D-40D6-98FD-B05B039B9A04}.Debug|Any CPU.Build.0 = Debug|Any CPU
		{02986D90-D20D-40D6-98FD-B05B039B9A04}.Release|Any CPU.ActiveCfg = Release|Any CPU
		{02986D90-D20D-40D6-98FD-B05B039B9A04}.Release|Any CPU.Build.0 = Release|Any CPU
		{951EE7DC-9B8F-40A0-998A-FD87B67C3A36}.Debug|Any CPU.ActiveCfg = Debug|Any CPU
		{951EE7DC-9B8F-40A0-998A-FD87B67C3A36}.Debug|Any CPU.Build.0 = Debug|Any CPU
		{951EE7DC-9B8F-40A0-998A-FD87B67C3A36}.Release|Any CPU.ActiveCfg = Release|Any CPU
		{951EE7DC-9B8F-40A0-998A-FD87B67C3A36}.Release|Any CPU.Build.0 = Release|Any CPU
		{95184564-BC27-4136-89F6-5EED5626F4B0}.Debug|Any CPU.ActiveCfg = Debug|Any CPU
		{95184564-BC27-4136-89F6-5EED5626F4B0}.Debug|Any CPU.Build.0 = Debug|Any CPU
		{95184564-BC27-4136-89F6-5EED5626F4B0}.Release|Any CPU.ActiveCfg = Release|Any CPU
		{95184564-BC27-4136-89F6-5EED5626F4B0}.Release|Any CPU.Build.0 = Release|Any CPU
	EndGlobalSection
	GlobalSection(SolutionProperties) = preSolution
		HideSolutionNode = FALSE
	EndGlobalSection
	GlobalSection(NestedProjects) = preSolution
		{5AEB24A7-35E5-4929-AB3B-91D043950617} = {CB91B76A-291C-4660-B304-513E7D4C95C3}
		{02986D90-D20D-40D6-98FD-B05B039B9A04} = {CB91B76A-291C-4660-B304-513E7D4C95C3}
		{951EE7DC-9B8F-40A0-998A-FD87B67C3A36} = {115F8A79-5FC3-45BF-BAF7-CB4782706B7A}
		{95184564-BC27-4136-89F6-5EED5626F4B0} = {E81391C6-0D9F-42FE-A36D-3ED76298C727}
	EndGlobalSection
	GlobalSection(ExtensibilityGlobals) = postSolution
		SolutionGuid = {96A641A0-ACD0-489D-9EEA-6544547D7B04}
	EndGlobalSection
EndGlobal
